
Microsoft Visual Studio Solution File, Format Version 12.00
# Visual Studio Version 16
VisualStudioVersion = 16.0.31205.134
MinimumVisualStudioVersion = 10.0.40219.1
Project("{8BC9CEB8-8B4A-11D0-8D11-00A0C91BC942}") = "koruma", "koruma.vcxproj", "{23DABBB3-049B-48EA-AB18-AA2B0138107D}"
EndProject
Global
	GlobalSection(SolutionConfigurationPlatforms) = preSolution
		Debug|x64 = Debug|x64
		Debug|x86 = Debug|x86
		Release|x64 = Release|x64
		Release|x86 = Release|x86
	EndGlobalSection
	GlobalSection(ProjectConfigurationPlatforms) = postSolution
		{23DABBB3-049B-48EA-AB18-AA2B0138107D}.Debug|x64.ActiveCfg = Debug|x64
		{23DABBB3-049B-48EA-AB18-AA2B0138107D}.Debug|x64.Build.0 = Debug|x64
		{23DABBB3-049B-48EA-AB18-AA2B0138107D}.Debug|x86.ActiveCfg = Debug|Win32
		{23DABBB3-049B-48EA-AB18-AA2B0138107D}.Debug|x86.Build.0 = Debug|Win32
		{23DABBB3-049B-48EA-AB18-AA2B0138107D}.Release|x64.ActiveCfg = Release|x64
		{23DABBB3-049B-48EA-AB18-AA2B0138107D}.Release|x64.Build.0 = Release|x64
		{23DABBB3-049B-48EA-AB18-AA2B0138107D}.Release|x86.ActiveCfg = Release|Win32
		{23DABBB3-049B-48EA-AB18-AA2B0138107D}.Release|x86.Build.0 = Release|Win32
	EndGlobalSection
	GlobalSection(SolutionProperties) = preSolution
		HideSolutionNode = FALSE
	EndGlobalSection
	GlobalSection(ExtensibilityGlobals) = postSolution
		SolutionGuid = {69B303B5-2337-432A-BEC8-5B4D52B6B0C1}
	EndGlobalSection
EndGlobal
